
Microsoft Visual Studio Solution File, Format Version 12.00
# Visual Studio Version 17
VisualStudioVersion = 17.4.33122.133
MinimumVisualStudioVersion = 10.0.40219.1
Project("{FAE04EC0-301F-11D3-BF4B-00C04F79EFBC}") = "asdasd", "asdasd.csproj", "{9911D942-4D7E-4F88-8E63-06A0AF0D6BBA}"
EndProject
Global
	GlobalSection(SolutionConfigurationPlatforms) = preSolution
		Debug|Any CPU = Debug|Any CPU
		Release|Any CPU = Release|Any CPU
	EndGlobalSection
	GlobalSection(ProjectConfigurationPlatforms) = postSolution
		{9911D942-4D7E-4F88-8E63-06A0AF0D6BBA}.Debug|Any CPU.ActiveCfg = Debug|Any CPU
		{9911D942-4D7E-4F88-8E63-06A0AF0D6BBA}.Debug|Any CPU.Build.0 = Debug|Any CPU
		{9911D942-4D7E-4F88-8E63-06A0AF0D6BBA}.Release|Any CPU.ActiveCfg = Release|Any CPU
		{9911D942-4D7E-4F88-8E63-06A0AF0D6BBA}.Release|Any CPU.Build.0 = Release|Any CPU
	EndGlobalSection
	GlobalSection(SolutionProperties) = preSolution
		HideSolutionNode = FALSE
	EndGlobalSection
	GlobalSection(ExtensibilityGlobals) = postSolution
		SolutionGuid = {B845749D-2511-47FA-BF0B-E937FAB4F4B3}
	EndGlobalSection
EndGlobal
